
Microsoft Visual Studio Solution File, Format Version 12.00
# Visual Studio Express 2012 for Windows Desktop
Project("{8BC9CEB8-8B4A-11D0-8D11-00A0C91BC942}") = "freetype", "freetype\builds\win32\vc2012\freetype.vcxproj", "{78B079BD-9FC7-4B9E-B4A6-96DA0F00248B}"
EndProject
Project("{8BC9CEB8-8B4A-11D0-8D11-00A0C91BC942}") = "libpng", "libpng\projects\visualc11\libpng.vcxproj", "{69C22A64-61EF-4206-816C-6D36766652A6}"
EndProject
Project("{8BC9CEB8-8B4A-11D0-8D11-00A0C91BC942}") = "SDL", "sdl\VisualC\SDL\SDL.vcxproj", "{81CE8DAF-EBB2-4761-8E45-B71ABCCA8C68}"
EndProject
Project("{8BC9CEB8-8B4A-11D0-8D11-00A0C91BC942}") = "SDL_image", "sdl-image\VisualC\SDL_image.vcxproj", "{2BD5534E-00E2-4BEA-AC96-D9A92EA24696}"
EndProject
Project("{8BC9CEB8-8B4A-11D0-8D11-00A0C91BC942}") = "lua", "lua\src\lua.vcxproj", "{A61349B6-4099-4688-AA1A-00D91397857D}"
EndProject
Project("{8BC9CEB8-8B4A-11D0-8D11-00A0C91BC942}") = "sqlite", "sqlite\sqlite.vcxproj", "{5783572B-479A-4EE8-8F16-1FDB24DDD1A0}"
EndProject
Project("{8BC9CEB8-8B4A-11D0-8D11-00A0C91BC942}") = "pcre", "pcre\pcre.vcxproj", "{A0FDC72E-0BE5-4542-B381-6A482DAC2125}"
EndProject
Project("{8BC9CEB8-8B4A-11D0-8D11-00A0C91BC942}") = "zlib", "zlib\projects\visualc2012\zlib.vcxproj", "{3D9F174B-2909-4834-A3D7-892E8D442A5D}"
EndProject
Project("{8BC9CEB8-8B4A-11D0-8D11-00A0C91BC942}") = "SDLmain", "sdl\VisualC\SDLmain\SDLmain.vcxproj", "{DA956FD3-E142-46F2-9DD5-C78BEBB56B7A}"
EndProject
Global
    GlobalSection(SolutionConfigurationPlatforms) = preSolution
        Debug|Win32 = Debug|Win32
        Debug|x64 = Debug|x64
        Release|Win32 = Release|Win32
        Release|x64 = Release|x64
    EndGlobalSection
    GlobalSection(ProjectConfigurationPlatforms) = postSolution
        {78B079BD-9FC7-4B9E-B4A6-96DA0F00248B}.Debug|Win32.ActiveCfg = Debug Multithreaded|Win32
        {78B079BD-9FC7-4B9E-B4A6-96DA0F00248B}.Debug|Win32.Build.0 = Debug Multithreaded|Win32
        {78B079BD-9FC7-4B9E-B4A6-96DA0F00248B}.Debug|x64.ActiveCfg = Debug Multithreaded|Win32
        {78B079BD-9FC7-4B9E-B4A6-96DA0F00248B}.Release|Win32.ActiveCfg = Release Multithreaded|Win32
        {78B079BD-9FC7-4B9E-B4A6-96DA0F00248B}.Release|Win32.Build.0 = Release Multithreaded|Win32
        {78B079BD-9FC7-4B9E-B4A6-96DA0F00248B}.Release|x64.ActiveCfg = Release Multithreaded|Win32
        {69C22A64-61EF-4206-816C-6D36766652A6}.Debug|Win32.ActiveCfg = LIB ASM Debug|Win32
        {69C22A64-61EF-4206-816C-6D36766652A6}.Debug|Win32.Build.0 = LIB ASM Debug|Win32
        {69C22A64-61EF-4206-816C-6D36766652A6}.Debug|x64.ActiveCfg = LIB Debug|x64
        {69C22A64-61EF-4206-816C-6D36766652A6}.Debug|x64.Build.0 = LIB Debug|x64
        {69C22A64-61EF-4206-816C-6D36766652A6}.Release|Win32.ActiveCfg = LIB ASM Release|Win32
        {69C22A64-61EF-4206-816C-6D36766652A6}.Release|Win32.Build.0 = LIB ASM Release|Win32
        {69C22A64-61EF-4206-816C-6D36766652A6}.Release|x64.ActiveCfg = LIB Release|x64
        {69C22A64-61EF-4206-816C-6D36766652A6}.Release|x64.Build.0 = LIB Release|x64
        {81CE8DAF-EBB2-4761-8E45-B71ABCCA8C68}.Debug|Win32.ActiveCfg = Debug|Win32
        {81CE8DAF-EBB2-4761-8E45-B71ABCCA8C68}.Debug|Win32.Build.0 = Debug|Win32
        {81CE8DAF-EBB2-4761-8E45-B71ABCCA8C68}.Debug|x64.ActiveCfg = Debug|x64
        {81CE8DAF-EBB2-4761-8E45-B71ABCCA8C68}.Debug|x64.Build.0 = Debug|x64
        {81CE8DAF-EBB2-4761-8E45-B71ABCCA8C68}.Release|Win32.ActiveCfg = Release|Win32
        {81CE8DAF-EBB2-4761-8E45-B71ABCCA8C68}.Release|Win32.Build.0 = Release|Win32
        {81CE8DAF-EBB2-4761-8E45-B71ABCCA8C68}.Release|x64.ActiveCfg = Release|x64
        {81CE8DAF-EBB2-4761-8E45-B71ABCCA8C68}.Release|x64.Build.0 = Release|x64
        {2BD5534E-00E2-4BEA-AC96-D9A92EA24696}.Debug|Win32.ActiveCfg = Debug|Win32
        {2BD5534E-00E2-4BEA-AC96-D9A92EA24696}.Debug|Win32.Build.0 = Debug|Win32
        {2BD5534E-00E2-4BEA-AC96-D9A92EA24696}.Debug|x64.ActiveCfg = Debug|x64
        {2BD5534E-00E2-4BEA-AC96-D9A92EA24696}.Debug|x64.Build.0 = Debug|x64
        {2BD5534E-00E2-4BEA-AC96-D9A92EA24696}.Release|Win32.ActiveCfg = Release|Win32
        {2BD5534E-00E2-4BEA-AC96-D9A92EA24696}.Release|Win32.Build.0 = Release|Win32
        {2BD5534E-00E2-4BEA-AC96-D9A92EA24696}.Release|x64.ActiveCfg = Release|x64
        {2BD5534E-00E2-4BEA-AC96-D9A92EA24696}.Release|x64.Build.0 = Release|x64
        {A61349B6-4099-4688-AA1A-00D91397857D}.Debug|Win32.ActiveCfg = Debug|Win32
        {A61349B6-4099-4688-AA1A-00D91397857D}.Debug|Win32.Build.0 = Debug|Win32
        {A61349B6-4099-4688-AA1A-00D91397857D}.Debug|x64.ActiveCfg = Debug|x64
        {A61349B6-4099-4688-AA1A-00D91397857D}.Debug|x64.Build.0 = Debug|x64
        {A61349B6-4099-4688-AA1A-00D91397857D}.Release|Win32.ActiveCfg = Release|Win32
        {A61349B6-4099-4688-AA1A-00D91397857D}.Release|Win32.Build.0 = Release|Win32
        {A61349B6-4099-4688-AA1A-00D91397857D}.Release|x64.ActiveCfg = Release|x64
        {A61349B6-4099-4688-AA1A-00D91397857D}.Release|x64.Build.0 = Release|x64
        {5783572B-479A-4EE8-8F16-1FDB24DDD1A0}.Debug|Win32.ActiveCfg = Debug|Win32
        {5783572B-479A-4EE8-8F16-1FDB24DDD1A0}.Debug|Win32.Build.0 = Debug|Win32
        {5783572B-479A-4EE8-8F16-1FDB24DDD1A0}.Debug|x64.ActiveCfg = Debug|x64
        {5783572B-479A-4EE8-8F16-1FDB24DDD1A0}.Debug|x64.Build.0 = Debug|x64
        {5783572B-479A-4EE8-8F16-1FDB24DDD1A0}.Release|Win32.ActiveCfg = Release|Win32
        {5783572B-479A-4EE8-8F16-1FDB24DDD1A0}.Release|Win32.Build.0 = Release|Win32
        {5783572B-479A-4EE8-8F16-1FDB24DDD1A0}.Release|x64.ActiveCfg = Release|x64
        {5783572B-479A-4EE8-8F16-1FDB24DDD1A0}.Release|x64.Build.0 = Release|x64
        {A0FDC72E-0BE5-4542-B381-6A482DAC2125}.Debug|Win32.ActiveCfg = Debug|Win32
        {A0FDC72E-0BE5-4542-B381-6A482DAC2125}.Debug|Win32.Build.0 = Debug|Win32
        {A0FDC72E-0BE5-4542-B381-6A482DAC2125}.Debug|x64.ActiveCfg = Debug|x64
        {A0FDC72E-0BE5-4542-B381-6A482DAC2125}.Debug|x64.Build.0 = Debug|x64
        {A0FDC72E-0BE5-4542-B381-6A482DAC2125}.Release|Win32.ActiveCfg = Release|Win32
        {A0FDC72E-0BE5-4542-B381-6A482DAC2125}.Release|Win32.Build.0 = Release|Win32
        {A0FDC72E-0BE5-4542-B381-6A482DAC2125}.Release|x64.ActiveCfg = Release|x64
        {A0FDC72E-0BE5-4542-B381-6A482DAC2125}.Release|x64.Build.0 = Release|x64
        {3D9F174B-2909-4834-A3D7-892E8D442A5D}.Debug|Win32.ActiveCfg = LIB Debug|Win32
        {3D9F174B-2909-4834-A3D7-892E8D442A5D}.Debug|Win32.Build.0 = LIB Debug|Win32
        {3D9F174B-2909-4834-A3D7-892E8D442A5D}.Debug|x64.ActiveCfg = LIB Debug|x64
        {3D9F174B-2909-4834-A3D7-892E8D442A5D}.Debug|x64.Build.0 = LIB Debug|x64
        {3D9F174B-2909-4834-A3D7-892E8D442A5D}.Release|Win32.ActiveCfg = LIB Release|Win32
        {3D9F174B-2909-4834-A3D7-892E8D442A5D}.Release|Win32.Build.0 = LIB Release|Win32
        {3D9F174B-2909-4834-A3D7-892E8D442A5D}.Release|x64.ActiveCfg = LIB Release|x64
        {3D9F174B-2909-4834-A3D7-892E8D442A5D}.Release|x64.Build.0 = LIB Release|x64
        {DA956FD3-E142-46F2-9DD5-C78BEBB56B7A}.Debug|Win32.ActiveCfg = Debug|Win32
        {DA956FD3-E142-46F2-9DD5-C78BEBB56B7A}.Debug|Win32.Build.0 = Debug|Win32
        {DA956FD3-E142-46F2-9DD5-C78BEBB56B7A}.Debug|x64.ActiveCfg = Debug|x64
        {DA956FD3-E142-46F2-9DD5-C78BEBB56B7A}.Debug|x64.Build.0 = Debug|x64
        {DA956FD3-E142-46F2-9DD5-C78BEBB56B7A}.Release|Win32.ActiveCfg = Release|Win32
        {DA956FD3-E142-46F2-9DD5-C78BEBB56B7A}.Release|Win32.Build.0 = Release|Win32
        {DA956FD3-E142-46F2-9DD5-C78BEBB56B7A}.Release|x64.ActiveCfg = Release|x64
        {DA956FD3-E142-46F2-9DD5-C78BEBB56B7A}.Release|x64.Build.0 = Release|x64
    EndGlobalSection
    GlobalSection(SolutionProperties) = preSolution
        HideSolutionNode = FALSE
    EndGlobalSection
EndGlobal
