
Microsoft Visual Studio Solution File, Format Version 12.00
# Visual Studio 15
VisualStudioVersion = 15.0.28010.2046
MinimumVisualStudioVersion = 10.0.40219.1
Project("{8BC9CEB8-8B4A-11D0-8D11-00A0C91BC942}") = "crawl", "crawl.vcxproj", "{3189AF12-90EF-4D3E-BFEC-4AB90D7D32DA}"
EndProject
Project("{8BC9CEB8-8B4A-11D0-8D11-00A0C91BC942}") = "tilegen", "tilegen.vcxproj", "{DAE92A45-087B-445B-8E94-BA864173A73F}"
EndProject
Project("{FAE04EC0-301F-11D3-BF4B-00C04F79EFBC}") = "dat", "dat.csproj", "{9DE3AEDA-F688-4F7D-9880-CC23AABDE45B}"
EndProject
Project("{FAE04EC0-301F-11D3-BF4B-00C04F79EFBC}") = "webserver", "webserver\webserver.csproj", "{8A2A2253-1C57-42B9-AAF9-375AD2546297}"
EndProject
Global
	GlobalSection(SolutionConfigurationPlatforms) = preSolution
		Debug Console|Any CPU = Debug Console|Any CPU
		Debug Console|Mixed Platforms = Debug Console|Mixed Platforms
		Debug Console|Win32 = Debug Console|Win32
		Debug Console|x64 = Debug Console|x64
		Debug Tiles|Any CPU = Debug Tiles|Any CPU
		Debug Tiles|Mixed Platforms = Debug Tiles|Mixed Platforms
		Debug Tiles|Win32 = Debug Tiles|Win32
		Debug Tiles|x64 = Debug Tiles|x64
		Release Console|Any CPU = Release Console|Any CPU
		Release Console|Mixed Platforms = Release Console|Mixed Platforms
		Release Console|Win32 = Release Console|Win32
		Release Console|x64 = Release Console|x64
		Release Tiles|Any CPU = Release Tiles|Any CPU
		Release Tiles|Mixed Platforms = Release Tiles|Mixed Platforms
		Release Tiles|Win32 = Release Tiles|Win32
		Release Tiles|x64 = Release Tiles|x64
	EndGlobalSection
	GlobalSection(ProjectConfigurationPlatforms) = postSolution
		{3189AF12-90EF-4D3E-BFEC-4AB90D7D32DA}.Debug Console|Any CPU.ActiveCfg = Debug Console|Win32
		{3189AF12-90EF-4D3E-BFEC-4AB90D7D32DA}.Debug Console|Mixed Platforms.ActiveCfg = Debug Console|Win32
		{3189AF12-90EF-4D3E-BFEC-4AB90D7D32DA}.Debug Console|Mixed Platforms.Build.0 = Debug Console|Win32
		{3189AF12-90EF-4D3E-BFEC-4AB90D7D32DA}.Debug Console|Win32.ActiveCfg = Debug Console|Win32
		{3189AF12-90EF-4D3E-BFEC-4AB90D7D32DA}.Debug Console|Win32.Build.0 = Debug Console|Win32
		{3189AF12-90EF-4D3E-BFEC-4AB90D7D32DA}.Debug Console|x64.ActiveCfg = Debug Console|x64
		{3189AF12-90EF-4D3E-BFEC-4AB90D7D32DA}.Debug Console|x64.Build.0 = Debug Console|x64
		{3189AF12-90EF-4D3E-BFEC-4AB90D7D32DA}.Debug Tiles|Any CPU.ActiveCfg = Debug Tiles|Win32
		{3189AF12-90EF-4D3E-BFEC-4AB90D7D32DA}.Debug Tiles|Mixed Platforms.ActiveCfg = Debug Tiles|Win32
		{3189AF12-90EF-4D3E-BFEC-4AB90D7D32DA}.Debug Tiles|Mixed Platforms.Build.0 = Debug Tiles|Win32
		{3189AF12-90EF-4D3E-BFEC-4AB90D7D32DA}.Debug Tiles|Win32.ActiveCfg = Debug Tiles|Win32
		{3189AF12-90EF-4D3E-BFEC-4AB90D7D32DA}.Debug Tiles|Win32.Build.0 = Debug Tiles|Win32
		{3189AF12-90EF-4D3E-BFEC-4AB90D7D32DA}.Debug Tiles|x64.ActiveCfg = Debug Tiles|x64
		{3189AF12-90EF-4D3E-BFEC-4AB90D7D32DA}.Debug Tiles|x64.Build.0 = Debug Tiles|x64
		{3189AF12-90EF-4D3E-BFEC-4AB90D7D32DA}.Release Console|Any CPU.ActiveCfg = Release Console|Win32
		{3189AF12-90EF-4D3E-BFEC-4AB90D7D32DA}.Release Console|Mixed Platforms.ActiveCfg = Release Console|Win32
		{3189AF12-90EF-4D3E-BFEC-4AB90D7D32DA}.Release Console|Mixed Platforms.Build.0 = Release Console|Win32
		{3189AF12-90EF-4D3E-BFEC-4AB90D7D32DA}.Release Console|Win32.ActiveCfg = Release Console|Win32
		{3189AF12-90EF-4D3E-BFEC-4AB90D7D32DA}.Release Console|Win32.Build.0 = Release Console|Win32
		{3189AF12-90EF-4D3E-BFEC-4AB90D7D32DA}.Release Console|x64.ActiveCfg = Release Console|x64
		{3189AF12-90EF-4D3E-BFEC-4AB90D7D32DA}.Release Console|x64.Build.0 = Release Console|x64
		{3189AF12-90EF-4D3E-BFEC-4AB90D7D32DA}.Release Tiles|Any CPU.ActiveCfg = Release Tiles|Win32
		{3189AF12-90EF-4D3E-BFEC-4AB90D7D32DA}.Release Tiles|Mixed Platforms.ActiveCfg = Release Tiles|Win32
		{3189AF12-90EF-4D3E-BFEC-4AB90D7D32DA}.Release Tiles|Mixed Platforms.Build.0 = Release Tiles|Win32
		{3189AF12-90EF-4D3E-BFEC-4AB90D7D32DA}.Release Tiles|Win32.ActiveCfg = Release Tiles|Win32
		{3189AF12-90EF-4D3E-BFEC-4AB90D7D32DA}.Release Tiles|Win32.Build.0 = Release Tiles|Win32
		{3189AF12-90EF-4D3E-BFEC-4AB90D7D32DA}.Release Tiles|x64.ActiveCfg = Release Tiles|x64
		{3189AF12-90EF-4D3E-BFEC-4AB90D7D32DA}.Release Tiles|x64.Build.0 = Release Tiles|x64
		{DAE92A45-087B-445B-8E94-BA864173A73F}.Debug Console|Any CPU.ActiveCfg = Debug|Win32
		{DAE92A45-087B-445B-8E94-BA864173A73F}.Debug Console|Mixed Platforms.ActiveCfg = Debug|Win32
		{DAE92A45-087B-445B-8E94-BA864173A73F}.Debug Console|Mixed Platforms.Build.0 = Debug|Win32
		{DAE92A45-087B-445B-8E94-BA864173A73F}.Debug Console|Win32.ActiveCfg = Debug|Win32
		{DAE92A45-087B-445B-8E94-BA864173A73F}.Debug Console|Win32.Build.0 = Debug|Win32
		{DAE92A45-087B-445B-8E94-BA864173A73F}.Debug Console|x64.ActiveCfg = Debug|x64
		{DAE92A45-087B-445B-8E94-BA864173A73F}.Debug Console|x64.Build.0 = Debug|x64
		{DAE92A45-087B-445B-8E94-BA864173A73F}.Debug Tiles|Any CPU.ActiveCfg = Debug|Win32
		{DAE92A45-087B-445B-8E94-BA864173A73F}.Debug Tiles|Mixed Platforms.ActiveCfg = Debug|Win32
		{DAE92A45-087B-445B-8E94-BA864173A73F}.Debug Tiles|Mixed Platforms.Build.0 = Debug|Win32
		{DAE92A45-087B-445B-8E94-BA864173A73F}.Debug Tiles|Win32.ActiveCfg = Debug|Win32
		{DAE92A45-087B-445B-8E94-BA864173A73F}.Debug Tiles|Win32.Build.0 = Debug|Win32
		{DAE92A45-087B-445B-8E94-BA864173A73F}.Debug Tiles|x64.ActiveCfg = Debug|x64
		{DAE92A45-087B-445B-8E94-BA864173A73F}.Debug Tiles|x64.Build.0 = Debug|x64
		{DAE92A45-087B-445B-8E94-BA864173A73F}.Release Console|Any CPU.ActiveCfg = Release|Win32
		{DAE92A45-087B-445B-8E94-BA864173A73F}.Release Console|Mixed Platforms.ActiveCfg = Release|Win32
		{DAE92A45-087B-445B-8E94-BA864173A73F}.Release Console|Mixed Platforms.Build.0 = Release|Win32
		{DAE92A45-087B-445B-8E94-BA864173A73F}.Release Console|Win32.ActiveCfg = Release|Win32
		{DAE92A45-087B-445B-8E94-BA864173A73F}.Release Console|Win32.Build.0 = Release|Win32
		{DAE92A45-087B-445B-8E94-BA864173A73F}.Release Console|x64.ActiveCfg = Release|x64
		{DAE92A45-087B-445B-8E94-BA864173A73F}.Release Console|x64.Build.0 = Release|x64
		{DAE92A45-087B-445B-8E94-BA864173A73F}.Release Tiles|Any CPU.ActiveCfg = Release|Win32
		{DAE92A45-087B-445B-8E94-BA864173A73F}.Release Tiles|Mixed Platforms.ActiveCfg = Release|Win32
		{DAE92A45-087B-445B-8E94-BA864173A73F}.Release Tiles|Mixed Platforms.Build.0 = Release|Win32
		{DAE92A45-087B-445B-8E94-BA864173A73F}.Release Tiles|Win32.ActiveCfg = Release|Win32
		{DAE92A45-087B-445B-8E94-BA864173A73F}.Release Tiles|Win32.Build.0 = Release|Win32
		{DAE92A45-087B-445B-8E94-BA864173A73F}.Release Tiles|x64.ActiveCfg = Release|x64
		{DAE92A45-087B-445B-8E94-BA864173A73F}.Release Tiles|x64.Build.0 = Release|x64
		{9DE3AEDA-F688-4F7D-9880-CC23AABDE45B}.Debug Console|Any CPU.ActiveCfg = Debug|Any CPU
		{9DE3AEDA-F688-4F7D-9880-CC23AABDE45B}.Debug Console|Any CPU.Build.0 = Debug|Any CPU
		{9DE3AEDA-F688-4F7D-9880-CC23AABDE45B}.Debug Console|Mixed Platforms.ActiveCfg = Debug|Any CPU
		{9DE3AEDA-F688-4F7D-9880-CC23AABDE45B}.Debug Console|Win32.ActiveCfg = Debug|Any CPU
		{9DE3AEDA-F688-4F7D-9880-CC23AABDE45B}.Debug Console|x64.ActiveCfg = Debug|Any CPU
		{9DE3AEDA-F688-4F7D-9880-CC23AABDE45B}.Debug Tiles|Any CPU.ActiveCfg = Debug|Any CPU
		{9DE3AEDA-F688-4F7D-9880-CC23AABDE45B}.Debug Tiles|Any CPU.Build.0 = Debug|Any CPU
		{9DE3AEDA-F688-4F7D-9880-CC23AABDE45B}.Debug Tiles|Mixed Platforms.ActiveCfg = Debug|Any CPU
		{9DE3AEDA-F688-4F7D-9880-CC23AABDE45B}.Debug Tiles|Win32.ActiveCfg = Debug|Any CPU
		{9DE3AEDA-F688-4F7D-9880-CC23AABDE45B}.Debug Tiles|x64.ActiveCfg = Debug|Any CPU
		{9DE3AEDA-F688-4F7D-9880-CC23AABDE45B}.Release Console|Any CPU.ActiveCfg = Release|Any CPU
		{9DE3AEDA-F688-4F7D-9880-CC23AABDE45B}.Release Console|Any CPU.Build.0 = Release|Any CPU
		{9DE3AEDA-F688-4F7D-9880-CC23AABDE45B}.Release Console|Mixed Platforms.ActiveCfg = Release|Any CPU
		{9DE3AEDA-F688-4F7D-9880-CC23AABDE45B}.Release Console|Win32.ActiveCfg = Release|Any CPU
		{9DE3AEDA-F688-4F7D-9880-CC23AABDE45B}.Release Console|x64.ActiveCfg = Release|Any CPU
		{9DE3AEDA-F688-4F7D-9880-CC23AABDE45B}.Release Tiles|Any CPU.ActiveCfg = Release|Any CPU
		{9DE3AEDA-F688-4F7D-9880-CC23AABDE45B}.Release Tiles|Any CPU.Build.0 = Release|Any CPU
		{9DE3AEDA-F688-4F7D-9880-CC23AABDE45B}.Release Tiles|Mixed Platforms.ActiveCfg = Release|Any CPU
		{9DE3AEDA-F688-4F7D-9880-CC23AABDE45B}.Release Tiles|Win32.ActiveCfg = Release|Any CPU
		{9DE3AEDA-F688-4F7D-9880-CC23AABDE45B}.Release Tiles|x64.ActiveCfg = Release|Any CPU
		{8A2A2253-1C57-42B9-AAF9-375AD2546297}.Debug Console|Any CPU.ActiveCfg = Debug|Any CPU
		{8A2A2253-1C57-42B9-AAF9-375AD2546297}.Debug Console|Any CPU.Build.0 = Debug|Any CPU
		{8A2A2253-1C57-42B9-AAF9-375AD2546297}.Debug Console|Mixed Platforms.ActiveCfg = Debug|Any CPU
		{8A2A2253-1C57-42B9-AAF9-375AD2546297}.Debug Console|Mixed Platforms.Build.0 = Debug|Any CPU
		{8A2A2253-1C57-42B9-AAF9-375AD2546297}.Debug Console|Win32.ActiveCfg = Debug|Any CPU
		{8A2A2253-1C57-42B9-AAF9-375AD2546297}.Debug Console|x64.ActiveCfg = Debug|Any CPU
		{8A2A2253-1C57-42B9-AAF9-375AD2546297}.Debug Tiles|Any CPU.ActiveCfg = Debug|Any CPU
		{8A2A2253-1C57-42B9-AAF9-375AD2546297}.Debug Tiles|Any CPU.Build.0 = Debug|Any CPU
		{8A2A2253-1C57-42B9-AAF9-375AD2546297}.Debug Tiles|Mixed Platforms.ActiveCfg = Debug|Any CPU
		{8A2A2253-1C57-42B9-AAF9-375AD2546297}.Debug Tiles|Mixed Platforms.Build.0 = Debug|Any CPU
		{8A2A2253-1C57-42B9-AAF9-375AD2546297}.Debug Tiles|Win32.ActiveCfg = Debug|Any CPU
		{8A2A2253-1C57-42B9-AAF9-375AD2546297}.Debug Tiles|x64.ActiveCfg = Debug|Any CPU
		{8A2A2253-1C57-42B9-AAF9-375AD2546297}.Release Console|Any CPU.ActiveCfg = Release|Any CPU
		{8A2A2253-1C57-42B9-AAF9-375AD2546297}.Release Console|Any CPU.Build.0 = Release|Any CPU
		{8A2A2253-1C57-42B9-AAF9-375AD2546297}.Release Console|Mixed Platforms.ActiveCfg = Release|Any CPU
		{8A2A2253-1C57-42B9-AAF9-375AD2546297}.Release Console|Mixed Platforms.Build.0 = Release|Any CPU
		{8A2A2253-1C57-42B9-AAF9-375AD2546297}.Release Console|Win32.ActiveCfg = Release|Any CPU
		{8A2A2253-1C57-42B9-AAF9-375AD2546297}.Release Console|x64.ActiveCfg = Release|Any CPU
		{8A2A2253-1C57-42B9-AAF9-375AD2546297}.Release Tiles|Any CPU.ActiveCfg = Release|Any CPU
		{8A2A2253-1C57-42B9-AAF9-375AD2546297}.Release Tiles|Any CPU.Build.0 = Release|Any CPU
		{8A2A2253-1C57-42B9-AAF9-375AD2546297}.Release Tiles|Mixed Platforms.ActiveCfg = Release|Any CPU
		{8A2A2253-1C57-42B9-AAF9-375AD2546297}.Release Tiles|Mixed Platforms.Build.0 = Release|Any CPU
		{8A2A2253-1C57-42B9-AAF9-375AD2546297}.Release Tiles|Win32.ActiveCfg = Release|Any CPU
		{8A2A2253-1C57-42B9-AAF9-375AD2546297}.Release Tiles|x64.ActiveCfg = Release|Any CPU
	EndGlobalSection
	GlobalSection(SolutionProperties) = preSolution
		HideSolutionNode = FALSE
	EndGlobalSection
	GlobalSection(ExtensibilityGlobals) = postSolution
		SolutionGuid = {AD06C8D1-BD80-415F-9892-79138717F57A}
	EndGlobalSection
EndGlobal
