<?xml version="1.0" encoding="utf-8"?>
<Project ToolsVersion="4.0" xmlns="http://schemas.microsoft.com/developer/msbuild/2003">
  <ItemGroup>
    <ClCompile Include="..\abl-show.cc" />
    <ClCompile Include="..\abyss.cc" />
    <ClCompile Include="..\acquire.cc" />
    <ClCompile Include="..\act-iter.cc" />
    <ClCompile Include="..\actor-los.cc" />
    <ClCompile Include="..\actor.cc" />
    <ClCompile Include="..\AppHdr.cc" />
    <ClCompile Include="..\areas.cc" />
    <ClCompile Include="..\arena.cc" />
    <ClCompile Include="..\artefact.cc" />
    <ClCompile Include="..\asg.cc" />
    <ClCompile Include="..\attack.cc" />
    <ClCompile Include="..\attitude-change.cc" />
    <ClCompile Include="..\beam.cc" />
    <ClCompile Include="..\behold.cc" />
    <ClCompile Include="..\bitary.cc" />
    <ClCompile Include="..\branch.cc" />
    <ClCompile Include="..\chardump.cc" />
    <ClCompile Include="..\cio.cc" />
    <ClCompile Include="..\cloud.cc" />
    <ClCompile Include="..\clua.cc" />
    <ClCompile Include="..\cluautil.cc" />
    <ClCompile Include="..\colour.cc" />
    <ClCompile Include="..\command.cc" />
    <ClCompile Include="..\coord-circle.cc" />
    <ClCompile Include="..\coord.cc" />
    <ClCompile Include="..\coordit.cc" />
    <ClCompile Include="..\crash.cc" />
    <ClCompile Include="..\ctest.cc" />
    <ClCompile Include="..\dactions.cc" />
    <ClCompile Include="..\database.cc" />
    <ClCompile Include="..\dbg-asrt.cc" />
    <ClCompile Include="..\dbg-maps.cc" />
    <ClCompile Include="..\dbg-scan.cc" />
    <ClCompile Include="..\dbg-util.cc" />
    <ClCompile Include="..\decks.cc" />
    <ClCompile Include="..\delay.cc" />
    <ClCompile Include="..\describe.cc" />
    <ClCompile Include="..\dgl-message.cc" />
    <ClCompile Include="..\dgn-delve.cc" />
    <ClCompile Include="..\dgn-height.cc" />
    <ClCompile Include="..\dgn-labyrinth.cc" />
    <ClCompile Include="..\dgn-layouts.cc" />
    <ClCompile Include="..\dgn-overview.cc" />
    <ClCompile Include="..\dgn-proclayouts.cc" />
    <ClCompile Include="..\dgn-shoals.cc" />
    <ClCompile Include="..\dgn-swamp.cc" />
    <ClCompile Include="..\dgnevent.cc" />
    <ClCompile Include="..\directn.cc" />
    <ClCompile Include="..\dlua.cc" />
    <ClCompile Include="..\dungeon.cc" />
    <ClCompile Include="..\effects.cc" />
    <ClCompile Include="..\errors.cc" />
    <ClCompile Include="..\evoke.cc" />
    <ClCompile Include="..\exclude.cc" />
    <ClCompile Include="..\exercise.cc" />
    <ClCompile Include="..\fearmonger.cc" />
    <ClCompile Include="..\feature.cc" />
    <ClCompile Include="..\fight.cc" />
    <ClCompile Include="..\files.cc" />
    <ClCompile Include="..\fineff.cc" />
    <ClCompile Include="..\fontwrapper-ft.cc" />
    <ClCompile Include="..\food.cc" />
    <ClCompile Include="..\format.cc" />
    <ClCompile Include="..\fprop.cc" />
    <ClCompile Include="..\geom2d.cc" />
    <ClCompile Include="..\ghost.cc" />
    <ClCompile Include="..\glwrapper-ogl.cc" />
    <ClCompile Include="..\glwrapper.cc" />
    <ClCompile Include="..\godabil.cc" />
    <ClCompile Include="..\godcompanions.cc" />
    <ClCompile Include="..\godconduct.cc" />
    <ClCompile Include="..\goditem.cc" />
    <ClCompile Include="..\godmenu.cc" />
    <ClCompile Include="..\godpassive.cc" />
    <ClCompile Include="..\godprayer.cc" />
    <ClCompile Include="..\godwrath.cc" />
    <ClCompile Include="..\hints.cc" />
    <ClCompile Include="..\hiscores.cc" />
    <ClCompile Include="..\initfile.cc" />
    <ClCompile Include="..\invent.cc" />
    <ClCompile Include="..\item_use.cc" />
    <ClCompile Include="..\itemname.cc" />
    <ClCompile Include="..\itemprop.cc" />
    <ClCompile Include="..\items.cc" />
    <ClCompile Include="..\jobs.cc" />
    <ClCompile Include="..\kills.cc" />
    <ClCompile Include="..\lang-fake.cc" />
    <ClCompile Include="..\losglobal.cc" />
    <ClCompile Include="..\l_colour.cc" />
    <ClCompile Include="..\l_crawl.cc" />
    <ClCompile Include="..\l_debug.cc" />
    <ClCompile Include="..\l_dgn.cc" />
    <ClCompile Include="..\l_dgnbld.cc" />
    <ClCompile Include="..\l_dgnevt.cc" />
    <ClCompile Include="..\l_dgngrd.cc" />
    <ClCompile Include="..\l_dgnit.cc" />
    <ClCompile Include="..\l_dgnlvl.cc" />
    <ClCompile Include="..\l_dgnmon.cc" />
    <ClCompile Include="..\l_dgntil.cc" />
    <ClCompile Include="..\l_feat.cc" />
    <ClCompile Include="..\l_file.cc" />
    <ClCompile Include="..\l_food.cc" />
    <ClCompile Include="..\l_global.cc" />
    <ClCompile Include="..\l_item.cc" />
    <ClCompile Include="..\l_los.cc" />
    <ClCompile Include="..\l_mapgrd.cc" />
    <ClCompile Include="..\l_mapmrk.cc" />
    <ClCompile Include="..\l_moninf.cc" />
    <ClCompile Include="..\l_mons.cc" />
    <ClCompile Include="..\l_option.cc" />
    <ClCompile Include="..\l_spells.cc" />
    <ClCompile Include="..\l_subvault.cc" />
    <ClCompile Include="..\l_travel.cc" />
    <ClCompile Include="..\l_view.cc" />
    <ClCompile Include="..\l_you.cc" />
    <ClCompile Include="..\lev-pand.cc" />
    <ClCompile Include="..\melee_attack.cc" />
    <ClCompile Include="..\mon-death.cc" />
    <ClCompile Include="..\mon-ench.cc" />
    <ClCompile Include="..\mon-stealth.cc" />
    <ClCompile Include="..\ng-setup.cc" />
    <ClCompile Include="..\ng-wanderer.cc" />
    <ClCompile Include="..\orb.cc" />
    <ClCompile Include="..\package.cc" />
    <ClCompile Include="..\perlin.cc" />
    <ClCompile Include="..\place-info.cc" />
    <ClCompile Include="..\player-act.cc" />
    <ClCompile Include="..\player-equip.cc" />
    <ClCompile Include="..\player-stats.cc" />
    <ClCompile Include="..\potion.cc" />
    <ClCompile Include="..\prebuilt\levcomp.lex.cc" />
    <ClCompile Include="..\prebuilt\levcomp.tab.cc" />
    <ClCompile Include="..\libgui.cc" />
    <ClCompile Include="..\libutil.cc" />
    <ClCompile Include="..\libw32c.cc" />
    <ClCompile Include="..\los.cc" />
    <ClCompile Include="..\los_def.cc" />
    <ClCompile Include="..\losparam.cc" />
    <ClCompile Include="..\luaterp.cc" />
    <ClCompile Include="..\macro.cc" />
    <ClCompile Include="..\main.cc" />
    <ClCompile Include="..\makeitem.cc" />
    <ClCompile Include="..\map_knowledge.cc" />
    <ClCompile Include="..\mapdef.cc" />
    <ClCompile Include="..\mapmark.cc" />
    <ClCompile Include="..\maps.cc" />
    <ClCompile Include="..\menu.cc" />
    <ClCompile Include="..\message-stream.cc" />
    <ClCompile Include="..\message.cc" />
    <ClCompile Include="..\misc.cc" />
    <ClCompile Include="..\mon-abil.cc" />
    <ClCompile Include="..\mon-act.cc" />
    <ClCompile Include="..\mon-behv.cc" />
    <ClCompile Include="..\mon-cast.cc" />
    <ClCompile Include="..\mon-clone.cc" />
    <ClCompile Include="..\mon-gear.cc" />
    <ClCompile Include="..\mon-grow.cc" />
    <ClCompile Include="..\mon-info.cc" />
    <ClCompile Include="..\mon-movetarget.cc" />
    <ClCompile Include="..\mon-pathfind.cc" />
    <ClCompile Include="..\mon-pick.cc" />
    <ClCompile Include="..\mon-place.cc" />
    <ClCompile Include="..\mon-project.cc" />
    <ClCompile Include="..\mon-speak.cc" />
    <ClCompile Include="..\mon-stuff.cc" />
    <ClCompile Include="..\mon-transit.cc" />
    <ClCompile Include="..\mon-util.cc" />
    <ClCompile Include="..\monster.cc" />
    <ClCompile Include="..\mutation.cc" />
    <ClCompile Include="..\newgame.cc" />
    <ClCompile Include="..\ng-init.cc" />
    <ClCompile Include="..\ng-input.cc" />
    <ClCompile Include="..\ng-restr.cc" />
    <ClCompile Include="..\notes.cc" />
    <ClCompile Include="..\ouch.cc" />
    <ClCompile Include="..\output.cc" />
    <ClCompile Include="..\pattern.cc" />
    <ClCompile Include="..\place.cc" />
    <ClCompile Include="..\player.cc" />
    <ClCompile Include="..\quiver.cc" />
    <ClCompile Include="..\random-var.cc" />
    <ClCompile Include="..\random.cc" />
    <ClCompile Include="..\ray.cc" />
    <ClCompile Include="..\religion.cc" />
    <ClCompile Include="..\rltiles\tiledef-feat.cc" />
    <ClCompile Include="..\rltiles\tiledef-floor.cc" />
    <ClCompile Include="..\rltiles\tiledef-icons.cc" />
    <ClCompile Include="..\rltiles\tiledef-wall.cc" />
    <ClCompile Include="..\rng.cc" />
    <ClCompile Include="..\shopping.cc" />
    <ClCompile Include="..\shout.cc" />
    <ClCompile Include="..\show.cc" />
    <ClCompile Include="..\showsymb.cc" />
    <ClCompile Include="..\skills.cc" />
    <ClCompile Include="..\skills2.cc" />
    <ClCompile Include="..\skill_menu.cc" />
    <ClCompile Include="..\species.cc" />
    <ClCompile Include="..\spl-book.cc" />
    <ClCompile Include="..\spl-cast.cc" />
    <ClCompile Include="..\spl-clouds.cc" />
    <ClCompile Include="..\spl-damage.cc" />
    <ClCompile Include="..\spl-goditem.cc" />
    <ClCompile Include="..\spl-miscast.cc" />
    <ClCompile Include="..\spl-monench.cc" />
    <ClCompile Include="..\spl-other.cc" />
    <ClCompile Include="..\spl-selfench.cc" />
    <ClCompile Include="..\spl-summoning.cc" />
    <ClCompile Include="..\spl-tornado.cc" />
    <ClCompile Include="..\spl-transloc.cc" />
    <ClCompile Include="..\spl-util.cc" />
    <ClCompile Include="..\spl-wpnench.cc" />
    <ClCompile Include="..\spl-zap.cc" />
    <ClCompile Include="..\sprint.cc" />
    <ClCompile Include="..\sqldbm.cc" />
    <ClCompile Include="..\stairs.cc" />
    <ClCompile Include="..\startup.cc" />
    <ClCompile Include="..\stash.cc" />
    <ClCompile Include="..\state.cc" />
    <ClCompile Include="..\status.cc" />
    <ClCompile Include="..\store.cc" />
    <ClCompile Include="..\stuff.cc" />
    <ClCompile Include="..\syscalls.cc" />
    <ClCompile Include="..\tags.cc" />
    <ClCompile Include="..\tagstring.cc" />
    <ClCompile Include="..\target.cc" />
    <ClCompile Include="..\teleport.cc" />
    <ClCompile Include="..\terrain.cc" />
    <ClCompile Include="..\throw.cc" />
    <ClCompile Include="..\tilebuf.cc" />
    <ClCompile Include="..\rltiles\tiledef-dngn.cc" />
    <ClCompile Include="..\rltiles\tiledef-gui.cc" />
    <ClCompile Include="..\rltiles\tiledef-main.cc" />
    <ClCompile Include="..\rltiles\tiledef-player.cc" />
    <ClCompile Include="..\rltiles\tiledef-unrand.cc" />
    <ClCompile Include="..\tilecell.cc" />
    <ClCompile Include="..\tiledgnbuf.cc" />
    <ClCompile Include="..\tiledoll.cc" />
    <ClCompile Include="..\tilefont.cc" />
    <ClCompile Include="..\tilemcache.cc" />
    <ClCompile Include="..\tilepick-p.cc" />
    <ClCompile Include="..\tilepick.cc" />
    <ClCompile Include="..\tilereg-abl.cc" />
    <ClCompile Include="..\tilereg-cmd.cc" />
    <ClCompile Include="..\tilereg-crt.cc" />
    <ClCompile Include="..\tilereg-dgn.cc" />
    <ClCompile Include="..\tilereg-doll.cc" />
    <ClCompile Include="..\tilereg-grid.cc" />
    <ClCompile Include="..\tilereg-inv.cc" />
    <ClCompile Include="..\tilereg-map.cc" />
    <ClCompile Include="..\tilereg-mem.cc" />
    <ClCompile Include="..\tilereg-menu.cc" />
    <ClCompile Include="..\tilereg-mon.cc" />
    <ClCompile Include="..\tilereg-msg.cc" />
    <ClCompile Include="..\tilereg-popup.cc" />
    <ClCompile Include="..\tilereg-skl.cc" />
    <ClCompile Include="..\tilereg-spl.cc" />
    <ClCompile Include="..\tilereg-stat.cc" />
    <ClCompile Include="..\tilereg-tab.cc" />
    <ClCompile Include="..\tilereg-text.cc" />
    <ClCompile Include="..\tilereg-title.cc" />
    <ClCompile Include="..\tilereg.cc" />
    <ClCompile Include="..\tilesdl.cc" />
    <ClCompile Include="..\tiletex.cc" />
    <ClCompile Include="..\tileview.cc" />
    <ClCompile Include="..\tileweb.cc" />
    <ClCompile Include="..\transform.cc" />
    <ClCompile Include="..\traps.cc" />
    <ClCompile Include="..\travel.cc" />
    <ClCompile Include="..\tutorial.cc" />
    <ClCompile Include="..\uncancel.cc" />
    <ClCompile Include="..\unicode.cc" />
    <ClCompile Include="..\version.cc" />
    <ClCompile Include="..\view.cc" />
    <ClCompile Include="..\viewchar.cc" />
    <ClCompile Include="..\viewgeom.cc" />
    <ClCompile Include="..\viewmap.cc" />
    <ClCompile Include="..\wcwidth.cc" />
    <ClCompile Include="..\windowmanager-sdl.cc" />
    <ClCompile Include="..\wiz-dgn.cc" />
    <ClCompile Include="..\wiz-fsim.cc" />
    <ClCompile Include="..\wiz-item.cc" />
    <ClCompile Include="..\wiz-mon.cc" />
    <ClCompile Include="..\wiz-you.cc" />
    <ClCompile Include="..\worley.cc" />
    <ClCompile Include="..\xom.cc" />
    <ClCompile Include="..\zotdef.cc" />
    <ClCompile Include="..\dgn-irregular-box.cc" />
    <ClCompile Include="..\json.cc" />
    <ClCompile Include="..\mon-chimera.cc" />
    <ClCompile Include="..\spl-pick.cc" />
  </ItemGroup>
  <ItemGroup>
    <ClInclude Include="..\abl-show.h" />
    <ClInclude Include="..\abyss.h" />
    <ClInclude Include="..\acquire.h" />
    <ClInclude Include="..\act-iter.h" />
    <ClInclude Include="..\actor.h" />
    <ClInclude Include="..\AppHdr.h" />
    <ClInclude Include="..\aptitudes.h" />
    <ClInclude Include="..\areas.h" />
    <ClInclude Include="..\arena.h" />
    <ClInclude Include="..\art-data.h" />
    <ClInclude Include="..\art-enum.h" />
    <ClInclude Include="..\art-func.h" />
    <ClInclude Include="..\artefact.h" />
    <ClInclude Include="..\asg.h" />
    <ClInclude Include="..\attack.h" />
    <ClInclude Include="..\attitude-change.h" />
    <ClInclude Include="..\beam.h" />
    <ClInclude Include="..\bitary.h" />
    <ClInclude Include="..\book-data.h" />
    <ClInclude Include="..\branch-data.h" />
    <ClInclude Include="..\branch.h" />
    <ClInclude Include="..\build.h" />
    <ClInclude Include="..\chardump.h" />
    <ClInclude Include="..\cio.h" />
    <ClInclude Include="..\cloud.h" />
    <ClInclude Include="..\clua.h" />
    <ClInclude Include="..\cluautil.h" />
    <ClInclude Include="..\cmd-keys.h" />
    <ClInclude Include="..\cmd-name.h" />
    <ClInclude Include="..\colour.h" />
    <ClInclude Include="..\command.h" />
    <ClInclude Include="..\compflag.h" />
    <ClInclude Include="..\coord-circle.h" />
    <ClInclude Include="..\coord.h" />
    <ClInclude Include="..\coordit.h" />
    <ClInclude Include="..\crash.h" />
    <ClInclude Include="..\ctest.h" />
    <ClInclude Include="..\dactions.h" />
    <ClInclude Include="..\database.h" />
    <ClInclude Include="..\dbg-crsh.h" />
    <ClInclude Include="..\dbg-maps.h" />
    <ClInclude Include="..\dbg-scan.h" />
    <ClInclude Include="..\dbg-util.h" />
    <ClInclude Include="..\debug.h" />
    <ClInclude Include="..\decks.h" />
    <ClInclude Include="..\defines.h" />
    <ClInclude Include="..\delay.h" />
    <ClInclude Include="..\describe.h" />
    <ClInclude Include="..\dgl-message.h" />
    <ClInclude Include="..\dgn-delve.h" />
    <ClInclude Include="..\dgn-height.h" />
    <ClInclude Include="..\dgn-labyrinth.h" />
    <ClInclude Include="..\dgn-layouts.h" />
    <ClInclude Include="..\dgn-overview.h" />
    <ClInclude Include="..\dgn-proclayouts.h" />
    <ClInclude Include="..\dgn-shoals.h" />
    <ClInclude Include="..\dgn-swamp.h" />
    <ClInclude Include="..\dgnevent.h" />
    <ClInclude Include="..\directn.h" />
    <ClInclude Include="..\dlua.h" />
    <ClInclude Include="..\dungeon.h" />
    <ClInclude Include="..\effects.h" />
    <ClInclude Include="..\endianness.h" />
    <ClInclude Include="..\enum.h" />
    <ClInclude Include="..\env.h" />
    <ClInclude Include="..\errors.h" />
    <ClInclude Include="..\evoke.h" />
    <ClInclude Include="..\exclude.h" />
    <ClInclude Include="..\exercise.h" />
    <ClInclude Include="..\externs.h" />
    <ClInclude Include="..\feature.h" />
    <ClInclude Include="..\fight.h" />
    <ClInclude Include="..\files.h" />
    <ClInclude Include="..\fineff.h" />
    <ClInclude Include="..\fixary.h" />
    <ClInclude Include="..\fixedarray.h" />
    <ClInclude Include="..\fixedvector.h" />
    <ClInclude Include="..\fixvec.h" />
    <ClInclude Include="..\flood_find.h" />
    <ClInclude Include="..\fontwrapper-ft.h" />
    <ClInclude Include="..\food.h" />
    <ClInclude Include="..\format.h" />
    <ClInclude Include="..\fprop.h" />
    <ClInclude Include="..\geom2d.h" />
    <ClInclude Include="..\ghost.h" />
    <ClInclude Include="..\glwrapper-ogl.h" />
    <ClInclude Include="..\glwrapper.h" />
    <ClInclude Include="..\godabil.h" />
    <ClInclude Include="..\godcompanions.h" />
    <ClInclude Include="..\godconduct.h" />
    <ClInclude Include="..\goditem.h" />
    <ClInclude Include="..\godmenu.h" />
    <ClInclude Include="..\godpassive.h" />
    <ClInclude Include="..\godprayer.h" />
    <ClInclude Include="..\godwrath.h" />
    <ClInclude Include="..\hash.h" />
    <ClInclude Include="..\hints.h" />
    <ClInclude Include="..\hiscores.h" />
    <ClInclude Include="..\initfile.h" />
    <ClInclude Include="..\invent.h" />
    <ClInclude Include="..\itemprop-enum.h" />
    <ClInclude Include="..\item_use.h" />
    <ClInclude Include="..\itemname.h" />
    <ClInclude Include="..\itemprop.h" />
    <ClInclude Include="..\items.h" />
    <ClInclude Include="..\jobs.h" />
    <ClInclude Include="..\json.h" />
    <ClInclude Include="..\kills.h" />
    <ClInclude Include="..\lang-fake.h" />
    <ClInclude Include="..\libconsole.h" />
    <ClInclude Include="..\libunix.h" />
    <ClInclude Include="..\losglobal.h" />
    <ClInclude Include="..\l_defs.h" />
    <ClInclude Include="..\l_libs.h" />
    <ClInclude Include="..\l_los.h" />
    <ClInclude Include="..\lev-pand.h" />
    <ClInclude Include="..\matrix.h" />
    <ClInclude Include="..\melee_attack.h" />
    <ClInclude Include="..\mi-enum.h" />
    <ClInclude Include="..\mon-death.h" />
    <ClInclude Include="..\mon-ench.h" />
    <ClInclude Include="..\mon-flags.h" />
    <ClInclude Include="..\mon-mst.h" />
    <ClInclude Include="..\mon-pick-data.h" />
    <ClInclude Include="..\mutation-data.h" />
    <ClInclude Include="..\newgame_def.h" />
    <ClInclude Include="..\ng-setup.h" />
    <ClInclude Include="..\ng-wanderer.h" />
    <ClInclude Include="..\noise.h" />
    <ClInclude Include="..\options.h" />
    <ClInclude Include="..\orb.h" />
    <ClInclude Include="..\package.h" />
    <ClInclude Include="..\perlin.h" />
    <ClInclude Include="..\place-info.h" />
    <ClInclude Include="..\platform.h" />
    <ClInclude Include="..\player-equip.h" />
    <ClInclude Include="..\player-stats.h" />
    <ClInclude Include="..\potion.h" />
    <ClInclude Include="..\prebuilt\levcomp.tab.h" />
    <ClInclude Include="..\libgui.h" />
    <ClInclude Include="..\libutil.h" />
    <ClInclude Include="..\libw32c.h" />
    <ClInclude Include="..\los.h" />
    <ClInclude Include="..\los_def.h" />
    <ClInclude Include="..\losparam.h" />
    <ClInclude Include="..\luaterp.h" />
    <ClInclude Include="..\macro.h" />
    <ClInclude Include="..\makeitem.h" />
    <ClInclude Include="..\map_knowledge.h" />
    <ClInclude Include="..\mapdef.h" />
    <ClInclude Include="..\mapmark.h" />
    <ClInclude Include="..\maps.h" />
    <ClInclude Include="..\menu.h" />
    <ClInclude Include="..\message.h" />
    <ClInclude Include="..\mgen_data.h" />
    <ClInclude Include="..\mgen_enum.h" />
    <ClInclude Include="..\misc.h" />
    <ClInclude Include="..\mon-abil.h" />
    <ClInclude Include="..\mon-act.h" />
    <ClInclude Include="..\mon-behv.h" />
    <ClInclude Include="..\mon-cast.h" />
    <ClInclude Include="..\mon-clone.h" />
    <ClInclude Include="..\mon-data.h" />
    <ClInclude Include="..\mon-enum.h" />
    <ClInclude Include="..\mon-gear.h" />
    <ClInclude Include="..\mon-grow.h" />
    <ClInclude Include="..\mon-info.h" />
    <ClInclude Include="..\mon-movetarget.h" />
    <ClInclude Include="..\mon-pathfind.h" />
    <ClInclude Include="..\mon-pick.h" />
    <ClInclude Include="..\mon-place.h" />
    <ClInclude Include="..\mon-project.h" />
    <ClInclude Include="..\mon-speak.h" />
    <ClInclude Include="..\mon-spll.h" />
    <ClInclude Include="..\mon-stuff.h" />
    <ClInclude Include="..\mon-transit.h" />
    <ClInclude Include="..\mon-util.h" />
    <ClInclude Include="..\monster.h" />
    <ClInclude Include="..\mpr.h" />
    <ClInclude Include="..\msvc.h" />
    <ClInclude Include="..\mutation.h" />
    <ClInclude Include="..\newgame.h" />
    <ClInclude Include="..\ng-init.h" />
    <ClInclude Include="..\ng-input.h" />
    <ClInclude Include="..\ng-restr.h" />
    <ClInclude Include="..\notes.h" />
    <ClInclude Include="..\ouch.h" />
    <ClInclude Include="..\output.h" />
    <ClInclude Include="..\pattern.h" />
    <ClInclude Include="..\place.h" />
    <ClInclude Include="..\player.h" />
    <ClInclude Include="..\process_desc.h" />
    <ClInclude Include="..\props.h" />
    <ClInclude Include="..\quiver.h" />
    <ClInclude Include="..\random-var.h" />
    <ClInclude Include="..\random-weight.h" />
    <ClInclude Include="..\random.h" />
    <ClInclude Include="..\ray.h" />
    <ClInclude Include="..\religion-enum.h" />
    <ClInclude Include="..\religion.h" />
    <ClInclude Include="..\rltiles\tiledef-feat.h" />
    <ClInclude Include="..\rltiles\tiledef-floor.h" />
    <ClInclude Include="..\rltiles\tiledef-icons.h" />
    <ClInclude Include="..\rltiles\tiledef-wall.h" />
    <ClInclude Include="..\rltiles\tiledef_defines.h" />
    <ClInclude Include="..\rng.h" />
    <ClInclude Include="..\SDLMain.h" />
    <ClInclude Include="..\shopping.h" />
    <ClInclude Include="..\shout.h" />
    <ClInclude Include="..\show.h" />
    <ClInclude Include="..\showsymb.h" />
    <ClInclude Include="..\skills.h" />
    <ClInclude Include="..\skills2.h" />
    <ClInclude Include="..\skill_menu.h" />
    <ClInclude Include="..\species.h" />
    <ClInclude Include="..\spl-book.h" />
    <ClInclude Include="..\spl-cast.h" />
    <ClInclude Include="..\spl-clouds.h" />
    <ClInclude Include="..\spl-damage.h" />
    <ClInclude Include="..\spl-data.h" />
    <ClInclude Include="..\spl-goditem.h" />
    <ClInclude Include="..\spl-miscast.h" />
    <ClInclude Include="..\spl-monench.h" />
    <ClInclude Include="..\spl-other.h" />
    <ClInclude Include="..\spl-selfench.h" />
    <ClInclude Include="..\spl-summoning.h" />
    <ClInclude Include="..\spl-transloc.h" />
    <ClInclude Include="..\spl-util.h" />
    <ClInclude Include="..\spl-wpnench.h" />
    <ClInclude Include="..\spl-zap.h" />
    <ClInclude Include="..\sprint.h" />
    <ClInclude Include="..\sqldbm.h" />
    <ClInclude Include="..\stairs.h" />
    <ClInclude Include="..\startup.h" />
    <ClInclude Include="..\stash.h" />
    <ClInclude Include="..\state.h" />
    <ClInclude Include="..\status.h" />
    <ClInclude Include="..\store.h" />
    <ClInclude Include="..\stuff.h" />
    <ClInclude Include="..\syscalls.h" />
    <ClInclude Include="..\tag-version.h" />
    <ClInclude Include="..\tags.h" />
    <ClInclude Include="..\tagstring.h" />
    <ClInclude Include="..\target.h" />
    <ClInclude Include="..\teleport.h" />
    <ClInclude Include="..\terrain.h" />
    <ClInclude Include="..\threads.h" />
    <ClInclude Include="..\throw.h" />
    <ClInclude Include="..\tilebuf.h" />
    <ClInclude Include="..\rltiles\tiledef-dngn.h" />
    <ClInclude Include="..\rltiles\tiledef-gui.h" />
    <ClInclude Include="..\rltiles\tiledef-main.h" />
    <ClInclude Include="..\rltiles\tiledef-player.h" />
    <ClInclude Include="..\rltiles\tiledef-unrand.h" />
    <ClInclude Include="..\tilecell.h" />
    <ClInclude Include="..\tiledgnbuf.h" />
    <ClInclude Include="..\tiledoll.h" />
    <ClInclude Include="..\tilefont.h" />
    <ClInclude Include="..\tilemcache.h" />
    <ClInclude Include="..\tilepick-p.h" />
    <ClInclude Include="..\tilepick.h" />
    <ClInclude Include="..\tilereg-abl.h" />
    <ClInclude Include="..\tilereg-cmd.h" />
    <ClInclude Include="..\tilereg-crt.h" />
    <ClInclude Include="..\tilereg-dgn.h" />
    <ClInclude Include="..\tilereg-doll.h" />
    <ClInclude Include="..\tilereg-grid.h" />
    <ClInclude Include="..\tilereg-inv.h" />
    <ClInclude Include="..\tilereg-map.h" />
    <ClInclude Include="..\tilereg-mem.h" />
    <ClInclude Include="..\tilereg-menu.h" />
    <ClInclude Include="..\tilereg-mon.h" />
    <ClInclude Include="..\tilereg-msg.h" />
    <ClInclude Include="..\tilereg-popup.h" />
    <ClInclude Include="..\tilereg-skl.h" />
    <ClInclude Include="..\tilereg-spl.h" />
    <ClInclude Include="..\tilereg-stat.h" />
    <ClInclude Include="..\tilereg-tab.h" />
    <ClInclude Include="..\tilereg-text.h" />
    <ClInclude Include="..\tilereg-title.h" />
    <ClInclude Include="..\tilereg.h" />
    <ClInclude Include="..\tiles.h" />
    <ClInclude Include="..\tilesdl.h" />
    <ClInclude Include="..\tiletex.h" />
    <ClInclude Include="..\tileview.h" />
    <ClInclude Include="..\tileweb.h" />
    <ClInclude Include="..\transform.h" />
    <ClInclude Include="..\traps.h" />
    <ClInclude Include="..\trap_def.h" />
    <ClInclude Include="..\travel.h" />
    <ClInclude Include="..\travel_defs.h" />
    <ClInclude Include="..\tutorial.h" />
    <ClInclude Include="..\uncancel.h" />
    <ClInclude Include="..\unicode.h" />
    <ClInclude Include="..\unrand.h" />
    <ClInclude Include="..\unwind.h" />
    <ClInclude Include="..\version.h" />
    <ClInclude Include="..\view.h" />
    <ClInclude Include="..\viewchar.h" />
    <ClInclude Include="..\viewgeom.h" />
    <ClInclude Include="..\viewmap.h" />
    <ClInclude Include="..\windowmanager-sdl.h" />
    <ClInclude Include="..\windowmanager.h" />
    <ClInclude Include="..\winhdr.h" />
    <ClInclude Include="..\wiz-dgn.h" />
    <ClInclude Include="..\wiz-fsim.h" />
    <ClInclude Include="..\wiz-item.h" />
    <ClInclude Include="..\wiz-mon.h" />
    <ClInclude Include="..\wiz-you.h" />
    <ClInclude Include="..\worley.h" />
    <ClInclude Include="..\xom.h" />
    <ClInclude Include="..\zap-data.h" />
    <ClInclude Include="..\zotdef.h" />
    <ClInclude Include="..\dgn-irregular-box.h" />
    <ClInclude Include="..\mon-chimera.h" />
    <ClInclude Include="..\random-pick.h" />
    <ClInclude Include="..\spl-pick.h" />
    <ClInclude Include="..\data-index.h" />
  </ItemGroup>
</Project>