
Microsoft Visual Studio Solution File, Format Version 9.00
# Visual Studio 2005
Project("{8BC9CEB8-8B4A-11D0-8D11-00A0C91BC942}") = "crawl", "crawl.vcproj", "{3189AF12-90EF-4D3E-BFEC-4AB90D7D32DA}"
	ProjectSection(ProjectDependencies) = postProject
		{DAE92A45-087B-445B-8E94-BA864173A73F} = {DAE92A45-087B-445B-8E94-BA864173A73F}
	EndProjectSection
EndProject
Project("{8BC9CEB8-8B4A-11D0-8D11-00A0C91BC942}") = "tilegen", "tilegen.vcproj", "{DAE92A45-087B-445B-8E94-BA864173A73F}"
EndProject
Global
	GlobalSection(SolutionConfigurationPlatforms) = preSolution
		Debug Console|Win32 = Debug Console|Win32
		Debug Tiles|Win32 = Debug Tiles|Win32
		Release Console|Win32 = Release Console|Win32
		Release Tiles|Win32 = Release Tiles|Win32
	EndGlobalSection
	GlobalSection(ProjectConfigurationPlatforms) = postSolution
		{3189AF12-90EF-4D3E-BFEC-4AB90D7D32DA}.Debug Console|Win32.ActiveCfg = Debug Console|Win32
		{3189AF12-90EF-4D3E-BFEC-4AB90D7D32DA}.Debug Console|Win32.Build.0 = Debug Console|Win32
		{3189AF12-90EF-4D3E-BFEC-4AB90D7D32DA}.Debug Tiles|Win32.ActiveCfg = Debug Tiles|Win32
		{3189AF12-90EF-4D3E-BFEC-4AB90D7D32DA}.Debug Tiles|Win32.Build.0 = Debug Tiles|Win32
		{3189AF12-90EF-4D3E-BFEC-4AB90D7D32DA}.Release Console|Win32.ActiveCfg = Release Console|Win32
		{3189AF12-90EF-4D3E-BFEC-4AB90D7D32DA}.Release Console|Win32.Build.0 = Release Console|Win32
		{3189AF12-90EF-4D3E-BFEC-4AB90D7D32DA}.Release Tiles|Win32.ActiveCfg = Release Tiles|Win32
		{3189AF12-90EF-4D3E-BFEC-4AB90D7D32DA}.Release Tiles|Win32.Build.0 = Release Tiles|Win32
		{DAE92A45-087B-445B-8E94-BA864173A73F}.Debug Console|Win32.ActiveCfg = Debug|Win32
		{DAE92A45-087B-445B-8E94-BA864173A73F}.Debug Console|Win32.Build.0 = Debug|Win32
		{DAE92A45-087B-445B-8E94-BA864173A73F}.Debug Tiles|Win32.ActiveCfg = Debug|Win32
		{DAE92A45-087B-445B-8E94-BA864173A73F}.Debug Tiles|Win32.Build.0 = Debug|Win32
		{DAE92A45-087B-445B-8E94-BA864173A73F}.Release Console|Win32.ActiveCfg = Release|Win32
		{DAE92A45-087B-445B-8E94-BA864173A73F}.Release Console|Win32.Build.0 = Release|Win32
		{DAE92A45-087B-445B-8E94-BA864173A73F}.Release Tiles|Win32.ActiveCfg = Release|Win32
		{DAE92A45-087B-445B-8E94-BA864173A73F}.Release Tiles|Win32.Build.0 = Release|Win32
	EndGlobalSection
	GlobalSection(SolutionProperties) = preSolution
		HideSolutionNode = FALSE
	EndGlobalSection
EndGlobal
